
{
  "name": "stock",
  "version": "0.0.0",
  "lockfileVersion": 2,
  "requires": true,
  "packages": {
    "": {
      "name": "stock",
      "version": "0.0.0",
      "dependencies": {
        "@angular/animations": "~12.2.0",
        "@angular/cdk": "^12.2.10",
        "@angular/common": "~12.2.0",
        "@angular/compiler": "~12.2.0",
        "@angular/core": "~12.2.0",
        "@angular/forms": "~12.2.0",
        "@angular/localize": "~12.2.0",
        "@angular/material": "^12.2.12",
        "@angular/platform-browser": "~12.2.0",
        "@angular/platform-browser-dynamic": "~12.2.0",
        "@angular/router": "~12.2.0",
        "@ericblade/quagga2": "^1.4.2",
        "ngx-barcode-scanner": "^0.3.0",
        "rxjs": "~6.6.0",
        "tslib": "^2.3.0",
        "zone.js": "~0.11.4"
      },
      "devDependencies": {
        "@angular-devkit/build-angular": "~12.2.8",
        "@angular/cli": "~12.2.8",
        "@angular/compiler-cli": "~12.2.0",
        "@types/jasmine": "~3.8.0",
        "@types/node": "^12.11.1",
        "jasmine-core": "~3.8.0",
        "karma": "~6.3.0",
        "karma-chrome-launcher": "~3.1.0",
        "karma-coverage": "~2.0.3",
        "karma-jasmine": "~4.0.0",
        "karma-jasmine-html-reporter": "~1.7.0",
        "typescript": "~4.3.5"
      }
    },
    "node_modules/@ampproject/remapping": {
      "version": "1.0.1",
      "resolved": "https://registry.npmjs.org/@ampproject/remapping/-/remapping-1.0.1.tgz",
      "integrity": "sha512-Ta9bMA3EtUHDaZJXqUoT5cn/EecwOp+SXpKJqxDbDuMbLvEMu6YTyDDuvTWeStODfdmXyfMo7LymQyPkN3BicA==",
      "dev": true,
      "dependencies": {
        "@jridgewell/resolve-uri": "1.0.0",
        "sourcemap-codec": "1.4.8"
      },
      "engines": {
        "node": ">=6.0.0"
      }
    },
    "node_modules/@angular-devkit/architect": {
      "version": "0.1202.12",
      "resolved": "https://registry.npmjs.org/@angular-devkit/architect/-/architect-0.1202.12.tgz",
      "integrity": "sha512-md7F1chg8zwrmX2C2E2GoOaHhXp03+DmGph5CBTB6t8q3yB734I9A2bE5i0TyxCBLZzh8GOTH9nOGSGX6JlYrw==",
      "dev": true,
      "dependencies": {
        "@angular-devkit/core": "12.2.12",
        "rxjs": "6.6.7"
      },
      "engines": {
        "node": "^12.14.1 || >=14.0.0",
        "npm": "^6.11.0 || ^7.5.6 || >=8.0.0",
        "yarn": ">= 1.13.0"
      }
    },
    "node_modules/@angular-devkit/build-angular": {
      "version": "12.2.12",
      "resolved": "https://registry.npmjs.org/@angular-devkit/build-angular/-/build-angular-12.2.12.tgz",
      "integrity": "sha512-e2Q77KQk7KjIA9Rvih89acug7Hc98BoD8/RGKPuj4NcdlzoBfjF05ThwRTKFQPs/grWvyuIujVEsQL/PuG3oBg==",
      "dev": true,
      "dependencies": {
        "@ampproject/remapping": "1.0.1",
        "@angular-devkit/architect": "0.1202.12",
        "@angular-devkit/build-optimizer": "0.1202.12",
        "@angular-devkit/build-webpack": "0.1202.12",
        "@angular-devkit/core": "12.2.12",
        "@babel/core": "7.14.8",
        "@babel/generator": "7.14.8",
        "@babel/helper-annotate-as-pure": "7.14.5",
        "@babel/plugin-proposal-async-generator-functions": "7.14.7",
        "@babel/plugin-transform-async-to-generator": "7.14.5",
        "@babel/plugin-transform-runtime": "7.14.5",
        "@babel/preset-env": "7.14.8",
        "@babel/runtime": "7.14.8",
        "@babel/template": "7.14.5",
        "@discoveryjs/json-ext": "0.5.3",
        "@jsdevtools/coverage-istanbul-loader": "3.0.5",
        "@ngtools/webpack": "12.2.12",
        "ansi-colors": "4.1.1",
        "babel-loader": "8.2.2",
        "browserslist": "^4.9.1",
        "cacache": "15.2.0",
        "caniuse-lite": "^1.0.30001032",
        "circular-dependency-plugin": "5.2.2",
        "copy-webpack-plugin": "9.0.1",
        "core-js": "3.16.0",
        "critters": "0.0.12",
        "css-loader": "6.2.0",
        "css-minimizer-webpack-plugin": "3.0.2",
        "esbuild-wasm": "0.13.8",
        "find-cache-dir": "3.3.1",
        "glob": "7.1.7",
        "https-proxy-agent": "5.0.0",
        "inquirer": "8.1.2",
        "karma-source-map-support": "1.4.0",
        "less": "4.1.1",
        "less-loader": "10.0.1",
        "license-webpack-plugin": "2.3.20",
        "loader-utils": "2.0.0",
        "mini-css-extract-plugin": "2.4.2",
        "minimatch": "3.0.4",
        "open": "8.2.1",
        "ora": "5.4.1",
        "parse5-html-rewriting-stream": "6.0.1",
        "piscina": "3.1.0",
        "postcss": "8.3.6",
        "postcss-import": "14.0.2",
        "postcss-loader": "6.1.1",
        "postcss-preset-env": "6.7.0",
        "regenerator-runtime": "0.13.9",
        "resolve-url-loader": "4.0.0",
        "rxjs": "6.6.7",
        "sass": "1.36.0",
        "sass-loader": "12.1.0",
        "semver": "7.3.5",
        "source-map-loader": "3.0.0",
        "source-map-support": "0.5.19",
        "style-loader": "3.2.1",
        "stylus": "0.54.8",
        "stylus-loader": "6.1.0",
        "terser": "5.7.1",
        "terser-webpack-plugin": "5.1.4",
        "text-table": "0.2.0",
        "tree-kill": "1.2.2",
        "tslib": "2.3.0",
        "webpack": "5.50.0",
        "webpack-dev-middleware": "5.0.0",
        "webpack-dev-server": "3.11.2",
        "webpack-merge": "5.8.0",
        "webpack-subresource-integrity": "1.5.2"
      },
      "engines": {
        "node": "^12.14.1 || >=14.0.0",
        "npm": "^6.11.0 || ^7.5.6 || >=8.0.0",
        "yarn": ">= 1.13.0"
      },
      "optionalDependencies": {
        "esbuild": "0.13.8"
      },
      "peerDependencies": {
        "@angular/compiler-cli": "^12.0.0",
        "@angular/localize": "^12.0.0",
        "@angular/service-worker": "^12.0.0",
        "karma": "^6.3.0",
        "ng-packagr": "^12.0.0",
        "protractor": "^7.0.0",
        "tailwindcss": "^2.0.0",
        "tslint": "^6.1.0",
        "typescript": "~4.2.3 || ~4.3.2"
      },
      "peerDependenciesMeta": {
        "@angular/localize": {
          "optional": true
        },
        "@angular/service-worker": {
          "optional": true
        },
        "karma": {
          "optional": true
        },
        "ng-packagr": {
          "optional": true
        },
        "protractor": {
          "optional": true
        },
        "tailwindcss": {
          "optional": true
        },
        "tslint": {
          "optional": true
        }
      }
    },
    "node_modules/@angular-devkit/build-angular/node_modules/tslib": {
      "version": "2.3.0",
      "resolved": "https://registry.npmjs.org/tslib/-/tslib-2.3.0.tgz",
      "integrity": "sha512-N82ooyxVNm6h1riLCoyS9e3fuJ3AMG2zIZs2Gd1ATcSFjSA23Q0fzjjZeh0jbJvWVDZ0cJT8yaNNaaXHzueNjg==",
      "dev": true
    },
    "node_modules/@angular-devkit/build-optimizer": {
      "version": "0.1202.12",
      "resolved": "https://registry.npmjs.org/@angular-devkit/build-optimizer/-/build-optimizer-0.1202.12.tgz",
      "integrity": "sha512-EUTY8PmST6Br3QiVqsU4W2b35nd/7iM9EygaFsreffd51P+eSIAFmxe1L/bWZuKpcptiExtYY4N118M254w88g==",
      "dev": true,
      "dependencies": {
        "source-map": "0.7.3",
        "tslib": "2.3.0",
        "typescript": "4.3.5"
      },
      "bin": {
        "build-optimizer": "src/build-optimizer/cli.js"
      },
      "engines": {
        "node": "^12.14.1 || >=14.0.0",
        "npm": "^6.11.0 || ^7.5.6 || >=8.0.0",
        "yarn": ">= 1.13.0"
      },
      "peerDependencies": {
        "webpack": "^5.30.0"
      },
      "peerDependenciesMeta": {
        "webpack": {
          "optional": true
        }
      }
    },
    "node_modules/@angular-devkit/build-optimizer/node_modules/tslib": {
      "version": "2.3.0",
      "resolved": "https://registry.npmjs.org/tslib/-/tslib-2.3.0.tgz",
      "integrity": "sha512-N82ooyxVNm6h1riLCoyS9e3fuJ3AMG2zIZs2Gd1ATcSFjSA23Q0fzjjZeh0jbJvWVDZ0cJT8yaNNaaXHzueNjg==",